
Microsoft Visual Studio Solution File, Format Version 12.00
# Visual Studio Version 17
VisualStudioVersion = 17.5.002.0
MinimumVisualStudioVersion = 10.0.40219.1
Project("{9A19103F-16F7-4668-BE54-9A1E7A4F7556}") = "WebApi.Tests", "WebApi.Tests.csproj", "{AA3115DA-FC5C-4523-BC22-7C1E99D0682B}"
EndProject
Global
	GlobalSection(SolutionConfigurationPlatforms) = preSolution
		Debug|Any CPU = Debug|Any CPU
		Release|Any CPU = Release|Any CPU
	EndGlobalSection
	GlobalSection(ProjectConfigurationPlatforms) = postSolution
		{AA3115DA-FC5C-4523-BC22-7C1E99D0682B}.Debug|Any CPU.ActiveCfg = Debug|Any CPU
		{AA3115DA-FC5C-4523-BC22-7C1E99D0682B}.Debug|Any CPU.Build.0 = Debug|Any CPU
		{AA3115DA-FC5C-4523-BC22-7C1E99D0682B}.Release|Any CPU.ActiveCfg = Release|Any CPU
		{AA3115DA-FC5C-4523-BC22-7C1E99D0682B}.Release|Any CPU.Build.0 = Release|Any CPU
	EndGlobalSection
	GlobalSection(SolutionProperties) = preSolution
		HideSolutionNode = FALSE
	EndGlobalSection
	GlobalSection(ExtensibilityGlobals) = postSolution
		SolutionGuid = {FBDDD3CB-898B-400A-98DB-5E75CF983C04}
	EndGlobalSection
EndGlobal
